
Microsoft Visual Studio Solution File, Format Version 12.00
# Visual Studio 2013
VisualStudioVersion = 12.0.31101.0
MinimumVisualStudioVersion = 10.0.40219.1
Project("{FAE04EC0-301F-11D3-BF4B-00C04F79EFBC}") = "DataModel", "DataModel\DataModel.csproj", "{143CBD0D-C054-48B6-9611-5453B5689107}"
EndProject
Project("{FAE04EC0-301F-11D3-BF4B-00C04F79EFBC}") = "DataAccess", "DataAccess\DataAccess.csproj", "{CB613D2C-C76D-47B3-AFFD-D08A48077355}"
EndProject
Project("{FAE04EC0-301F-11D3-BF4B-00C04F79EFBC}") = "FFC", "FFC\FFC.csproj", "{764409F9-D0C3-45F6-BE83-FDD510FACE9A}"
EndProject
Project("{FAE04EC0-301F-11D3-BF4B-00C04F79EFBC}") = "FFC.Tests", "FFC.Tests\FFC.Tests.csproj", "{13D91490-784A-43BF-BBC3-65D42AE57171}"
EndProject
Project("{2150E333-8FDC-42A3-9474-1A3956D46DE8}") = ".nuget", ".nuget", "{5C2FF73C-A88A-40F8-931C-F95FEC09BE73}"
EndProject
Global
	GlobalSection(SolutionConfigurationPlatforms) = preSolution
		Debug|Any CPU = Debug|Any CPU
		Release|Any CPU = Release|Any CPU
	EndGlobalSection
	GlobalSection(ProjectConfigurationPlatforms) = postSolution
		{143CBD0D-C054-48B6-9611-5453B5689107}.Debug|Any CPU.ActiveCfg = Debug|Any CPU
		{143CBD0D-C054-48B6-9611-5453B5689107}.Debug|Any CPU.Build.0 = Debug|Any CPU
		{143CBD0D-C054-48B6-9611-5453B5689107}.Release|Any CPU.ActiveCfg = Release|Any CPU
		{143CBD0D-C054-48B6-9611-5453B5689107}.Release|Any CPU.Build.0 = Release|Any CPU
		{CB613D2C-C76D-47B3-AFFD-D08A48077355}.Debug|Any CPU.ActiveCfg = Debug|Any CPU
		{CB613D2C-C76D-47B3-AFFD-D08A48077355}.Debug|Any CPU.Build.0 = Debug|Any CPU
		{CB613D2C-C76D-47B3-AFFD-D08A48077355}.Release|Any CPU.ActiveCfg = Release|Any CPU
		{CB613D2C-C76D-47B3-AFFD-D08A48077355}.Release|Any CPU.Build.0 = Release|Any CPU
		{764409F9-D0C3-45F6-BE83-FDD510FACE9A}.Debug|Any CPU.ActiveCfg = Debug|Any CPU
		{764409F9-D0C3-45F6-BE83-FDD510FACE9A}.Debug|Any CPU.Build.0 = Debug|Any CPU
		{764409F9-D0C3-45F6-BE83-FDD510FACE9A}.Release|Any CPU.ActiveCfg = Release|Any CPU
		{764409F9-D0C3-45F6-BE83-FDD510FACE9A}.Release|Any CPU.Build.0 = Release|Any CPU
		{13D91490-784A-43BF-BBC3-65D42AE57171}.Debug|Any CPU.ActiveCfg = Debug|Any CPU
		{13D91490-784A-43BF-BBC3-65D42AE57171}.Debug|Any CPU.Build.0 = Debug|Any CPU
		{13D91490-784A-43BF-BBC3-65D42AE57171}.Release|Any CPU.ActiveCfg = Release|Any CPU
		{13D91490-784A-43BF-BBC3-65D42AE57171}.Release|Any CPU.Build.0 = Release|Any CPU
	EndGlobalSection
	GlobalSection(SolutionProperties) = preSolution
		HideSolutionNode = FALSE
	EndGlobalSection
EndGlobal
